
Microsoft Visual Studio Solution File, Format Version 12.00
# Visual Studio Version 17
VisualStudioVersion = 17.5.002.0
MinimumVisualStudioVersion = 10.0.40219.1
Project("{2150E333-8FDC-42A3-9474-1A3956D46DE8}") = "src", "src", "{95F1CB5E-3F7B-42F3-8725-398256336CA3}"
EndProject
Project("{2150E333-8FDC-42A3-9474-1A3956D46DE8}") = "tests", "tests", "{D071480D-9AF5-4803-B903-80CF9C26DAB3}"
EndProject
Project("{FAE04EC0-301F-11D3-BF4B-00C04F79EFBC}") = "DependencyInjection.Tests.Shared", "tests\DependencyInjection.Tests.Shared\DependencyInjection.Tests.Shared.csproj", "{87FA1B84-962B-4207-AF0A-EF62939C1A53}"
EndProject
Project("{FAE04EC0-301F-11D3-BF4B-00C04F79EFBC}") = "DependencyInjection.Tests", "tests\DependencyInjection.Tests\DependencyInjection.Tests.csproj", "{4E01DC50-EFD8-49CB-881B-FCE1F4D72FAF}"
EndProject
Project("{FAE04EC0-301F-11D3-BF4B-00C04F79EFBC}") = "DependencyInjection.Tests.Configurations.One", "tests\DependencyInjection.Tests.Configurations.One\DependencyInjection.Tests.Configurations.One.csproj", "{225A9750-6219-44FF-8933-5997D127F739}"
EndProject
Project("{FAE04EC0-301F-11D3-BF4B-00C04F79EFBC}") = "DependencyInjection.Tests.ConfigurationAssembly.One", "tests\DependencyInjection.Tests.ConfigurationAssembly.One\DependencyInjection.Tests.ConfigurationAssembly.One.csproj", "{2F0F1839-F711-40DB-BD0F-3686D0148D4C}"
EndProject
Project("{FAE04EC0-301F-11D3-BF4B-00C04F79EFBC}") = "DependencyInjection.Tests.ConfigurationAssemblies.One", "tests\DependencyInjection.Tests.ConfigurationAssemblies.One\DependencyInjection.Tests.ConfigurationAssemblies.One.csproj", "{92C777FB-0DB9-4A8B-99C7-620E6C672B04}"
EndProject
Project("{FAE04EC0-301F-11D3-BF4B-00C04F79EFBC}") = "DependencyInjection.Tests.ConfigurationAssemblies.Two", "tests\DependencyInjection.Tests.ConfigurationAssemblies.Two\DependencyInjection.Tests.ConfigurationAssemblies.Two.csproj", "{41A96BDE-87CF-4E1E-A181-713447264F7F}"
EndProject
Project("{2150E333-8FDC-42A3-9474-1A3956D46DE8}") = "docs", "docs", "{F9DC44C9-E64B-44B5-8018-5C3C5C538FBD}"
EndProject
Project("{FAE04EC0-301F-11D3-BF4B-00C04F79EFBC}") = "FolkerD0C.DependencyInjection.Documentation", "docs\FolkerD0C.DependencyInjection.Documentation\FolkerD0C.DependencyInjection.Documentation.csproj", "{99D2C637-8109-475C-A4F0-16C549EDDF82}"
EndProject
Project("{FAE04EC0-301F-11D3-BF4B-00C04F79EFBC}") = "FolkerD0C.DependencyInjection", "src\FolkerD0C\FolkerD0C.DependencyInjection\FolkerD0C.DependencyInjection.csproj", "{044420B8-8673-4A16-8F41-C04635B9C61C}"
EndProject
Global
	GlobalSection(SolutionConfigurationPlatforms) = preSolution
		Debug|Any CPU = Debug|Any CPU
		Release|Any CPU = Release|Any CPU
	EndGlobalSection
	GlobalSection(ProjectConfigurationPlatforms) = postSolution
		{87FA1B84-962B-4207-AF0A-EF62939C1A53}.Debug|Any CPU.ActiveCfg = Debug|Any CPU
		{87FA1B84-962B-4207-AF0A-EF62939C1A53}.Debug|Any CPU.Build.0 = Debug|Any CPU
		{87FA1B84-962B-4207-AF0A-EF62939C1A53}.Release|Any CPU.ActiveCfg = Release|Any CPU
		{87FA1B84-962B-4207-AF0A-EF62939C1A53}.Release|Any CPU.Build.0 = Release|Any CPU
		{4E01DC50-EFD8-49CB-881B-FCE1F4D72FAF}.Debug|Any CPU.ActiveCfg = Debug|Any CPU
		{4E01DC50-EFD8-49CB-881B-FCE1F4D72FAF}.Debug|Any CPU.Build.0 = Debug|Any CPU
		{4E01DC50-EFD8-49CB-881B-FCE1F4D72FAF}.Release|Any CPU.ActiveCfg = Release|Any CPU
		{4E01DC50-EFD8-49CB-881B-FCE1F4D72FAF}.Release|Any CPU.Build.0 = Release|Any CPU
		{225A9750-6219-44FF-8933-5997D127F739}.Debug|Any CPU.ActiveCfg = Debug|Any CPU
		{225A9750-6219-44FF-8933-5997D127F739}.Debug|Any CPU.Build.0 = Debug|Any CPU
		{225A9750-6219-44FF-8933-5997D127F739}.Release|Any CPU.ActiveCfg = Release|Any CPU
		{225A9750-6219-44FF-8933-5997D127F739}.Release|Any CPU.Build.0 = Release|Any CPU
		{2F0F1839-F711-40DB-BD0F-3686D0148D4C}.Debug|Any CPU.ActiveCfg = Debug|Any CPU
		{2F0F1839-F711-40DB-BD0F-3686D0148D4C}.Debug|Any CPU.Build.0 = Debug|Any CPU
		{2F0F1839-F711-40DB-BD0F-3686D0148D4C}.Release|Any CPU.ActiveCfg = Release|Any CPU
		{2F0F1839-F711-40DB-BD0F-3686D0148D4C}.Release|Any CPU.Build.0 = Release|Any CPU
		{92C777FB-0DB9-4A8B-99C7-620E6C672B04}.Debug|Any CPU.ActiveCfg = Debug|Any CPU
		{92C777FB-0DB9-4A8B-99C7-620E6C672B04}.Debug|Any CPU.Build.0 = Debug|Any CPU
		{92C777FB-0DB9-4A8B-99C7-620E6C672B04}.Release|Any CPU.ActiveCfg = Release|Any CPU
		{92C777FB-0DB9-4A8B-99C7-620E6C672B04}.Release|Any CPU.Build.0 = Release|Any CPU
		{41A96BDE-87CF-4E1E-A181-713447264F7F}.Debug|Any CPU.ActiveCfg = Debug|Any CPU
		{41A96BDE-87CF-4E1E-A181-713447264F7F}.Debug|Any CPU.Build.0 = Debug|Any CPU
		{41A96BDE-87CF-4E1E-A181-713447264F7F}.Release|Any CPU.ActiveCfg = Release|Any CPU
		{41A96BDE-87CF-4E1E-A181-713447264F7F}.Release|Any CPU.Build.0 = Release|Any CPU
		{99D2C637-8109-475C-A4F0-16C549EDDF82}.Debug|Any CPU.ActiveCfg = Debug|Any CPU
		{99D2C637-8109-475C-A4F0-16C549EDDF82}.Debug|Any CPU.Build.0 = Debug|Any CPU
		{99D2C637-8109-475C-A4F0-16C549EDDF82}.Release|Any CPU.ActiveCfg = Release|Any CPU
		{99D2C637-8109-475C-A4F0-16C549EDDF82}.Release|Any CPU.Build.0 = Release|Any CPU
		{044420B8-8673-4A16-8F41-C04635B9C61C}.Debug|Any CPU.ActiveCfg = Debug|Any CPU
		{044420B8-8673-4A16-8F41-C04635B9C61C}.Debug|Any CPU.Build.0 = Debug|Any CPU
		{044420B8-8673-4A16-8F41-C04635B9C61C}.Release|Any CPU.ActiveCfg = Release|Any CPU
		{044420B8-8673-4A16-8F41-C04635B9C61C}.Release|Any CPU.Build.0 = Release|Any CPU
	EndGlobalSection
	GlobalSection(SolutionProperties) = preSolution
		HideSolutionNode = FALSE
	EndGlobalSection
	GlobalSection(NestedProjects) = preSolution
		{87FA1B84-962B-4207-AF0A-EF62939C1A53} = {D071480D-9AF5-4803-B903-80CF9C26DAB3}
		{4E01DC50-EFD8-49CB-881B-FCE1F4D72FAF} = {D071480D-9AF5-4803-B903-80CF9C26DAB3}
		{225A9750-6219-44FF-8933-5997D127F739} = {D071480D-9AF5-4803-B903-80CF9C26DAB3}
		{2F0F1839-F711-40DB-BD0F-3686D0148D4C} = {D071480D-9AF5-4803-B903-80CF9C26DAB3}
		{92C777FB-0DB9-4A8B-99C7-620E6C672B04} = {D071480D-9AF5-4803-B903-80CF9C26DAB3}
		{41A96BDE-87CF-4E1E-A181-713447264F7F} = {D071480D-9AF5-4803-B903-80CF9C26DAB3}
		{99D2C637-8109-475C-A4F0-16C549EDDF82} = {F9DC44C9-E64B-44B5-8018-5C3C5C538FBD}
		{044420B8-8673-4A16-8F41-C04635B9C61C} = {95F1CB5E-3F7B-42F3-8725-398256336CA3}
	EndGlobalSection
	GlobalSection(ExtensibilityGlobals) = postSolution
		SolutionGuid = {E097EE89-E8C5-456E-870C-4028CA4628D8}
	EndGlobalSection
EndGlobal
